{
  "requires": true,
  "lockfileVersion": 1,
  "dependencies": {
    "animate.css": {
      "version": "3.7.2",
      "resolved": "https://registry.npmjs.org/animate.css/-/animate.css-3.7.2.tgz",
      "integrity": "sha512-0bE8zYo7C0KvgOYrSVfrzkbYk6IOTVPNqkiHg2cbyF4Pq/PXzilz4BRWA3hwEUBoMp5VBgrC29lQIZyhRWdBTw=="
    },
    "animejs": {
      "version": "3.2.0",
      "resolved": "https://registry.npmjs.org/animejs/-/animejs-3.2.0.tgz",
      "integrity": "sha512-zhtGl5cS0G2f5DfciMO8uwWpnx06nfFnHlXYYXHBazHep1Lyd6kEtBQP+9hpYKE0dBZjIigHp9VpMO95ZfXQJQ=="
    },
    "bootstrap-scss": {
      "version": "4.4.1",
      "resolved": "https://registry.npmjs.org/bootstrap-scss/-/bootstrap-scss-4.4.1.tgz",
      "integrity": "sha512-OznewkRrYIUip6iT27eQc4M8GvA/lxjJ/bny0GuUmdsBRbvjyPscWL0ghR0QBrZ4nufWi+qZno5G4rf7AVQfkw=="
    },
    "jquery": {
      "version": "3.5.1",
      "resolved": "https://registry.npmjs.org/jquery/-/jquery-3.5.1.tgz",
      "integrity": "sha512-XwIBPqcMn57FxfT+Go5pzySnm4KWkT1Tv7gjrpT1srtf8Weynl6R273VJ5GjkRb51IzMp5nbaPjJXMWeju2MKg=="
    },
    "moment": {
      "version": "2.25.3",
      "resolved": "https://registry.npmjs.org/moment/-/moment-2.25.3.tgz",
      "integrity": "sha512-PuYv0PHxZvzc15Sp8ybUCoQ+xpyPWvjOuK72a5ovzp2LI32rJXOiIfyoFoYvG3s6EwwrdkMyWuRiEHSZRLJNdg=="
    },
    "pg-calendar": {
      "version": "1.4.31",
      "resolved": "https://registry.npmjs.org/pg-calendar/-/pg-calendar-1.4.31.tgz",
      "integrity": "sha512-QAo5C8qSycr97QjrO5HPH/bHRvoON6dS95zAroA7vNrsCrNB7k7qg3Got0Ve5SZijBYL20wg2j931cdi2FbWRg==",
      "requires": {
        "jquery": "^3.4.1",
        "moment": "^2.24.0"
      }
    }
  }
}
